
Microsoft Visual Studio Solution File, Format Version 12.00
# Visual Studio Version 17
VisualStudioVersion = 17.2.32616.157
MinimumVisualStudioVersion = 10.0.40219.1
Project("{9A19103F-16F7-4668-BE54-9A1E7A4F7556}") = "Ecommerce.ProductCatalog.Model", "Ecommerce.ProductCatalog.Model\Ecommerce.ProductCatalog.Model.csproj", "{EA09AF1A-FCD6-4CCF-9CDE-AD5385142950}"
EndProject
Project("{A07B5EB6-E848-4116-A8D0-A826331D98C6}") = "ECommerce", "ECommerce\ECommerce.sfproj", "{2F7C15FD-4752-47D3-B2D2-B2B25B035686}"
EndProject
Project("{9A19103F-16F7-4668-BE54-9A1E7A4F7556}") = "ECommerceProductCatalog", "ECommerceProductCatalog\ECommerceProductCatalog.csproj", "{50154BF7-1525-460A-8B1F-00B0539B2052}"
EndProject
Project("{FAE04EC0-301F-11D3-BF4B-00C04F79EFBC}") = "ECommerce.WebApi", "ECommerce.WebApi\ECommerce.WebApi.csproj", "{DC90033B-C3D5-4067-AF53-F5DFD89E7CEA}"
EndProject
Global
	GlobalSection(SolutionConfigurationPlatforms) = preSolution
		Debug|Any CPU = Debug|Any CPU
		Debug|x64 = Debug|x64
		Release|Any CPU = Release|Any CPU
		Release|x64 = Release|x64
	EndGlobalSection
	GlobalSection(ProjectConfigurationPlatforms) = postSolution
		{EA09AF1A-FCD6-4CCF-9CDE-AD5385142950}.Debug|Any CPU.ActiveCfg = Debug|Any CPU
		{EA09AF1A-FCD6-4CCF-9CDE-AD5385142950}.Debug|Any CPU.Build.0 = Debug|Any CPU
		{EA09AF1A-FCD6-4CCF-9CDE-AD5385142950}.Debug|x64.ActiveCfg = Debug|Any CPU
		{EA09AF1A-FCD6-4CCF-9CDE-AD5385142950}.Debug|x64.Build.0 = Debug|Any CPU
		{EA09AF1A-FCD6-4CCF-9CDE-AD5385142950}.Release|Any CPU.ActiveCfg = Release|Any CPU
		{EA09AF1A-FCD6-4CCF-9CDE-AD5385142950}.Release|Any CPU.Build.0 = Release|Any CPU
		{EA09AF1A-FCD6-4CCF-9CDE-AD5385142950}.Release|x64.ActiveCfg = Release|Any CPU
		{EA09AF1A-FCD6-4CCF-9CDE-AD5385142950}.Release|x64.Build.0 = Release|Any CPU
		{2F7C15FD-4752-47D3-B2D2-B2B25B035686}.Debug|Any CPU.ActiveCfg = Debug|x64
		{2F7C15FD-4752-47D3-B2D2-B2B25B035686}.Debug|Any CPU.Build.0 = Debug|x64
		{2F7C15FD-4752-47D3-B2D2-B2B25B035686}.Debug|Any CPU.Deploy.0 = Debug|x64
		{2F7C15FD-4752-47D3-B2D2-B2B25B035686}.Debug|x64.ActiveCfg = Debug|x64
		{2F7C15FD-4752-47D3-B2D2-B2B25B035686}.Debug|x64.Build.0 = Debug|x64
		{2F7C15FD-4752-47D3-B2D2-B2B25B035686}.Debug|x64.Deploy.0 = Debug|x64
		{2F7C15FD-4752-47D3-B2D2-B2B25B035686}.Release|Any CPU.ActiveCfg = Release|x64
		{2F7C15FD-4752-47D3-B2D2-B2B25B035686}.Release|Any CPU.Build.0 = Release|x64
		{2F7C15FD-4752-47D3-B2D2-B2B25B035686}.Release|Any CPU.Deploy.0 = Release|x64
		{2F7C15FD-4752-47D3-B2D2-B2B25B035686}.Release|x64.ActiveCfg = Release|x64
		{2F7C15FD-4752-47D3-B2D2-B2B25B035686}.Release|x64.Build.0 = Release|x64
		{2F7C15FD-4752-47D3-B2D2-B2B25B035686}.Release|x64.Deploy.0 = Release|x64
		{50154BF7-1525-460A-8B1F-00B0539B2052}.Debug|Any CPU.ActiveCfg = Debug|Any CPU
		{50154BF7-1525-460A-8B1F-00B0539B2052}.Debug|Any CPU.Build.0 = Debug|Any CPU
		{50154BF7-1525-460A-8B1F-00B0539B2052}.Debug|x64.ActiveCfg = Debug|Any CPU
		{50154BF7-1525-460A-8B1F-00B0539B2052}.Debug|x64.Build.0 = Debug|Any CPU
		{50154BF7-1525-460A-8B1F-00B0539B2052}.Release|Any CPU.ActiveCfg = Release|Any CPU
		{50154BF7-1525-460A-8B1F-00B0539B2052}.Release|Any CPU.Build.0 = Release|Any CPU
		{50154BF7-1525-460A-8B1F-00B0539B2052}.Release|x64.ActiveCfg = Release|Any CPU
		{50154BF7-1525-460A-8B1F-00B0539B2052}.Release|x64.Build.0 = Release|Any CPU
		{DC90033B-C3D5-4067-AF53-F5DFD89E7CEA}.Debug|Any CPU.ActiveCfg = Debug|Any CPU
		{DC90033B-C3D5-4067-AF53-F5DFD89E7CEA}.Debug|Any CPU.Build.0 = Debug|Any CPU
		{DC90033B-C3D5-4067-AF53-F5DFD89E7CEA}.Debug|x64.ActiveCfg = Debug|Any CPU
		{DC90033B-C3D5-4067-AF53-F5DFD89E7CEA}.Debug|x64.Build.0 = Debug|Any CPU
		{DC90033B-C3D5-4067-AF53-F5DFD89E7CEA}.Release|Any CPU.ActiveCfg = Release|Any CPU
		{DC90033B-C3D5-4067-AF53-F5DFD89E7CEA}.Release|Any CPU.Build.0 = Release|Any CPU
		{DC90033B-C3D5-4067-AF53-F5DFD89E7CEA}.Release|x64.ActiveCfg = Release|Any CPU
		{DC90033B-C3D5-4067-AF53-F5DFD89E7CEA}.Release|x64.Build.0 = Release|Any CPU
	EndGlobalSection
	GlobalSection(SolutionProperties) = preSolution
		HideSolutionNode = FALSE
	EndGlobalSection
	GlobalSection(ExtensibilityGlobals) = postSolution
		SolutionGuid = {085D9C9D-2856-472E-8DFE-A3C6D291E82C}
	EndGlobalSection
EndGlobal
